
Microsoft Visual Studio Solution File, Format Version 12.00
# Visual Studio Version 17
VisualStudioVersion = 17.11.35222.181
MinimumVisualStudioVersion = 10.0.40219.1
Project("{FAE04EC0-301F-11D3-BF4B-00C04F79EFBC}") = "Rectangle Calculator", "Rectangle Calculator\Rectangle Calculator.csproj", "{518913FA-30A1-406B-B5A6-88C5133C64F3}"
EndProject
Global
	GlobalSection(SolutionConfigurationPlatforms) = preSolution
		Debug|Any CPU = Debug|Any CPU
		Release|Any CPU = Release|Any CPU
	EndGlobalSection
	GlobalSection(ProjectConfigurationPlatforms) = postSolution
		{518913FA-30A1-406B-B5A6-88C5133C64F3}.Debug|Any CPU.ActiveCfg = Debug|Any CPU
		{518913FA-30A1-406B-B5A6-88C5133C64F3}.Debug|Any CPU.Build.0 = Debug|Any CPU
		{518913FA-30A1-406B-B5A6-88C5133C64F3}.Release|Any CPU.ActiveCfg = Release|Any CPU
		{518913FA-30A1-406B-B5A6-88C5133C64F3}.Release|Any CPU.Build.0 = Release|Any CPU
	EndGlobalSection
	GlobalSection(SolutionProperties) = preSolution
		HideSolutionNode = FALSE
	EndGlobalSection
	GlobalSection(ExtensibilityGlobals) = postSolution
		SolutionGuid = {7536A72A-6D7A-4FC4-8B54-39A57394BC47}
	EndGlobalSection
EndGlobal
